
Microsoft Visual Studio Solution File, Format Version 12.00
# Visual Studio Version 17
VisualStudioVersion = 17.10.34916.146
MinimumVisualStudioVersion = 10.0.40219.1
Project("{2150E333-8FDC-42A3-9474-1A3956D46DE8}") = "01. Clients", "01. Clients", "{7C4AD418-D708-407F-890E-E4D2A1B1B277}"
EndProject
Project("{2150E333-8FDC-42A3-9474-1A3956D46DE8}") = "02. Api.Gateways", "02. Api.Gateways", "{1246033B-1714-489A-8B5E-6A1DA5134B2E}"
EndProject
Project("{2150E333-8FDC-42A3-9474-1A3956D46DE8}") = "03. Services", "03. Services", "{14B62FB1-34A3-4D29-B484-A6757733C448}"
EndProject
Project("{2150E333-8FDC-42A3-9474-1A3956D46DE8}") = "01. Identity", "01. Identity", "{603264D7-D971-4D39-868A-16994B8B9AA2}"
EndProject
Project("{2150E333-8FDC-42A3-9474-1A3956D46DE8}") = "02. Catalog", "02. Catalog", "{33CA7CDE-93AC-4C6B-B2F6-404422B8C426}"
EndProject
Project("{2150E333-8FDC-42A3-9474-1A3956D46DE8}") = "03. Customer", "03. Customer", "{CCB28695-B7A7-4DD0-A88F-6A3753FFDC94}"
EndProject
Project("{2150E333-8FDC-42A3-9474-1A3956D46DE8}") = "04. Order", "04. Order", "{9C2A9A77-A62E-4C44-95A5-FEBD9A1A0DD9}"
EndProject
Project("{FAE04EC0-301F-11D3-BF4B-00C04F79EFBC}") = "Catalog.Api", "src\Services\Catalog\Catalog.Api\Catalog.Api.csproj", "{1BC12A46-A2D5-4E08-BE57-3ACBA3BC6F3C}"
EndProject
Project("{2150E333-8FDC-42A3-9474-1A3956D46DE8}") = "01. API", "01. API", "{F6A67559-2FA3-443D-B0B5-73489C6B7E37}"
EndProject
Project("{2150E333-8FDC-42A3-9474-1A3956D46DE8}") = "02. Service", "02. Service", "{5BAD0C64-C6E0-455D-8EEA-954C6582C78A}"
EndProject
Project("{2150E333-8FDC-42A3-9474-1A3956D46DE8}") = "03. Persistence", "03. Persistence", "{418B9D09-AA80-4806-8FA3-1DA9FEB863B0}"
EndProject
Project("{2150E333-8FDC-42A3-9474-1A3956D46DE8}") = "04. Models", "04. Models", "{DB47F6AB-1D0C-41EB-9419-BD284FAF9C2D}"
EndProject
Project("{FAE04EC0-301F-11D3-BF4B-00C04F79EFBC}") = "Catalog.Domain", "src\Services\Catalog\Catalog.Domain\Catalog.Domain.csproj", "{84067A04-BFB3-48BA-8997-E73027F8B70D}"
EndProject
Global
	GlobalSection(SolutionConfigurationPlatforms) = preSolution
		Debug|Any CPU = Debug|Any CPU
		Release|Any CPU = Release|Any CPU
	EndGlobalSection
	GlobalSection(ProjectConfigurationPlatforms) = postSolution
		{1BC12A46-A2D5-4E08-BE57-3ACBA3BC6F3C}.Debug|Any CPU.ActiveCfg = Debug|Any CPU
		{1BC12A46-A2D5-4E08-BE57-3ACBA3BC6F3C}.Debug|Any CPU.Build.0 = Debug|Any CPU
		{1BC12A46-A2D5-4E08-BE57-3ACBA3BC6F3C}.Release|Any CPU.ActiveCfg = Release|Any CPU
		{1BC12A46-A2D5-4E08-BE57-3ACBA3BC6F3C}.Release|Any CPU.Build.0 = Release|Any CPU
		{84067A04-BFB3-48BA-8997-E73027F8B70D}.Debug|Any CPU.ActiveCfg = Debug|Any CPU
		{84067A04-BFB3-48BA-8997-E73027F8B70D}.Debug|Any CPU.Build.0 = Debug|Any CPU
		{84067A04-BFB3-48BA-8997-E73027F8B70D}.Release|Any CPU.ActiveCfg = Release|Any CPU
		{84067A04-BFB3-48BA-8997-E73027F8B70D}.Release|Any CPU.Build.0 = Release|Any CPU
	EndGlobalSection
	GlobalSection(SolutionProperties) = preSolution
		HideSolutionNode = FALSE
	EndGlobalSection
	GlobalSection(NestedProjects) = preSolution
		{603264D7-D971-4D39-868A-16994B8B9AA2} = {14B62FB1-34A3-4D29-B484-A6757733C448}
		{33CA7CDE-93AC-4C6B-B2F6-404422B8C426} = {14B62FB1-34A3-4D29-B484-A6757733C448}
		{CCB28695-B7A7-4DD0-A88F-6A3753FFDC94} = {14B62FB1-34A3-4D29-B484-A6757733C448}
		{9C2A9A77-A62E-4C44-95A5-FEBD9A1A0DD9} = {14B62FB1-34A3-4D29-B484-A6757733C448}
		{1BC12A46-A2D5-4E08-BE57-3ACBA3BC6F3C} = {F6A67559-2FA3-443D-B0B5-73489C6B7E37}
		{F6A67559-2FA3-443D-B0B5-73489C6B7E37} = {33CA7CDE-93AC-4C6B-B2F6-404422B8C426}
		{5BAD0C64-C6E0-455D-8EEA-954C6582C78A} = {33CA7CDE-93AC-4C6B-B2F6-404422B8C426}
		{418B9D09-AA80-4806-8FA3-1DA9FEB863B0} = {33CA7CDE-93AC-4C6B-B2F6-404422B8C426}
		{DB47F6AB-1D0C-41EB-9419-BD284FAF9C2D} = {33CA7CDE-93AC-4C6B-B2F6-404422B8C426}
		{84067A04-BFB3-48BA-8997-E73027F8B70D} = {DB47F6AB-1D0C-41EB-9419-BD284FAF9C2D}
	EndGlobalSection
	GlobalSection(ExtensibilityGlobals) = postSolution
		SolutionGuid = {590D5398-C1A6-4B0F-9C59-726504F93AE2}
	EndGlobalSection
EndGlobal
